
Microsoft Visual Studio Solution File, Format Version 12.00
# Visual Studio Version 16
VisualStudioVersion = 16.0.30320.27
MinimumVisualStudioVersion = 10.0.40219.1
Project("{FAE04EC0-301F-11D3-BF4B-00C04F79EFBC}") = "HackingGram", "HackingGram\HackingGram.csproj", "{218765F1-AD94-4D42-A492-044144341357}"
EndProject
Global
	GlobalSection(SolutionConfigurationPlatforms) = preSolution
		Debug|Any CPU = Debug|Any CPU
		Release|Any CPU = Release|Any CPU
	EndGlobalSection
	GlobalSection(ProjectConfigurationPlatforms) = postSolution
		{218765F1-AD94-4D42-A492-044144341357}.Debug|Any CPU.ActiveCfg = Debug|Any CPU
		{218765F1-AD94-4D42-A492-044144341357}.Debug|Any CPU.Build.0 = Debug|Any CPU
		{218765F1-AD94-4D42-A492-044144341357}.Release|Any CPU.ActiveCfg = Release|Any CPU
		{218765F1-AD94-4D42-A492-044144341357}.Release|Any CPU.Build.0 = Release|Any CPU
	EndGlobalSection
	GlobalSection(SolutionProperties) = preSolution
		HideSolutionNode = FALSE
	EndGlobalSection
	GlobalSection(ExtensibilityGlobals) = postSolution
		SolutionGuid = {44E25B9D-4E1F-4712-8F6B-C62521BBB676}
	EndGlobalSection
EndGlobal
